
Microsoft Visual Studio Solution File, Format Version 12.00
# Visual Studio Version 16
VisualStudioVersion = 16.0.31112.23
MinimumVisualStudioVersion = 10.0.40219.1
Project("{FAE04EC0-301F-11D3-BF4B-00C04F79EFBC}") = "Chip8Emulator.Console", "Chip8Emulator.Console\Chip8Emulator.Console.csproj", "{EFA8FFC8-E918-41D0-BF41-90993360B1A8}"
EndProject
Project("{FAE04EC0-301F-11D3-BF4B-00C04F79EFBC}") = "Chip8Emulator.Core", "Chip8Emulator.Core\Chip8Emulator.Core.csproj", "{37D369C9-0A68-454E-ACB2-D26EB508B869}"
EndProject
Global
	GlobalSection(SolutionConfigurationPlatforms) = preSolution
		Debug|Any CPU = Debug|Any CPU
		Release|Any CPU = Release|Any CPU
	EndGlobalSection
	GlobalSection(ProjectConfigurationPlatforms) = postSolution
		{EFA8FFC8-E918-41D0-BF41-90993360B1A8}.Debug|Any CPU.ActiveCfg = Debug|Any CPU
		{EFA8FFC8-E918-41D0-BF41-90993360B1A8}.Debug|Any CPU.Build.0 = Debug|Any CPU
		{EFA8FFC8-E918-41D0-BF41-90993360B1A8}.Release|Any CPU.ActiveCfg = Release|Any CPU
		{EFA8FFC8-E918-41D0-BF41-90993360B1A8}.Release|Any CPU.Build.0 = Release|Any CPU
		{37D369C9-0A68-454E-ACB2-D26EB508B869}.Debug|Any CPU.ActiveCfg = Debug|Any CPU
		{37D369C9-0A68-454E-ACB2-D26EB508B869}.Debug|Any CPU.Build.0 = Debug|Any CPU
		{37D369C9-0A68-454E-ACB2-D26EB508B869}.Release|Any CPU.ActiveCfg = Release|Any CPU
		{37D369C9-0A68-454E-ACB2-D26EB508B869}.Release|Any CPU.Build.0 = Release|Any CPU
	EndGlobalSection
	GlobalSection(SolutionProperties) = preSolution
		HideSolutionNode = FALSE
	EndGlobalSection
	GlobalSection(ExtensibilityGlobals) = postSolution
		SolutionGuid = {4CD74CCE-B6B9-4A5D-A981-F0898E2F1A05}
	EndGlobalSection
EndGlobal
